
Microsoft Visual Studio Solution File, Format Version 12.00
# Visual Studio 15
VisualStudioVersion = 15.0.27703.2026
MinimumVisualStudioVersion = 10.0.40219.1
Project("{FAE04EC0-301F-11D3-BF4B-00C04F79EFBC}") = "SampleApiApplication", "SampleApiApplication\SampleApiApplication.csproj", "{D7087C9C-9372-4563-AAB7-6F2CA9228D22}"
EndProject
Global
	GlobalSection(SolutionConfigurationPlatforms) = preSolution
		Debug|Any CPU = Debug|Any CPU
		Release|Any CPU = Release|Any CPU
	EndGlobalSection
	GlobalSection(ProjectConfigurationPlatforms) = postSolution
		{D7087C9C-9372-4563-AAB7-6F2CA9228D22}.Debug|Any CPU.ActiveCfg = Debug|Any CPU
		{D7087C9C-9372-4563-AAB7-6F2CA9228D22}.Debug|Any CPU.Build.0 = Debug|Any CPU
		{D7087C9C-9372-4563-AAB7-6F2CA9228D22}.Release|Any CPU.ActiveCfg = Release|Any CPU
		{D7087C9C-9372-4563-AAB7-6F2CA9228D22}.Release|Any CPU.Build.0 = Release|Any CPU
	EndGlobalSection
	GlobalSection(SolutionProperties) = preSolution
		HideSolutionNode = FALSE
	EndGlobalSection
	GlobalSection(ExtensibilityGlobals) = postSolution
		SolutionGuid = {5C6C53D1-35BA-49E4-B23A-97958DE67E9C}
	EndGlobalSection
EndGlobal
